
Microsoft Visual Studio Solution File, Format Version 12.00
# Visual Studio 15
VisualStudioVersion = 15.0.27703.2042
MinimumVisualStudioVersion = 10.0.40219.1
Project("{FAE04EC0-301F-11D3-BF4B-00C04F79EFBC}") = "PizzaDecorator", "PizzaDecorator\PizzaDecorator.csproj", "{75BF536E-610C-4E22-A2BB-8D8616ED3562}"
EndProject
Global
	GlobalSection(SolutionConfigurationPlatforms) = preSolution
		Debug|Any CPU = Debug|Any CPU
		Release|Any CPU = Release|Any CPU
	EndGlobalSection
	GlobalSection(ProjectConfigurationPlatforms) = postSolution
		{75BF536E-610C-4E22-A2BB-8D8616ED3562}.Debug|Any CPU.ActiveCfg = Debug|Any CPU
		{75BF536E-610C-4E22-A2BB-8D8616ED3562}.Debug|Any CPU.Build.0 = Debug|Any CPU
		{75BF536E-610C-4E22-A2BB-8D8616ED3562}.Release|Any CPU.ActiveCfg = Release|Any CPU
		{75BF536E-610C-4E22-A2BB-8D8616ED3562}.Release|Any CPU.Build.0 = Release|Any CPU
	EndGlobalSection
	GlobalSection(SolutionProperties) = preSolution
		HideSolutionNode = FALSE
	EndGlobalSection
	GlobalSection(ExtensibilityGlobals) = postSolution
		SolutionGuid = {139AD8DC-E5BF-4BB8-BAA4-08E97D62CA44}
	EndGlobalSection
EndGlobal
